// !$*UTF8*$!
{
	archiveVersion = 1;
	classes = {
	};
	objectVersion = 52;
	objects = {

/* Begin PBXBuildFile section */
		0B0565B427477CF100EF0807 /* ChatView.swift in Sources */ = {isa = PBXBuildFile; fileRef = 0B0565B327477CF100EF0807 /* ChatView.swift */; };
		0B0565BA274C458D00EF0807 /* MessageUser.swift in Sources */ = {isa = PBXBuildFile; fileRef = 0B0565B9274C458D00EF0807 /* MessageUser.swift */; };
		0B0565BD274D4FE900EF0807 /* SaveChat.swift in Sources */ = {isa = PBXBuildFile; fileRef = 0B0565BC274D4FE900EF0807 /* SaveChat.swift */; };
		0B0565C02755BF3B00EF0807 /* ViewModel.swift in Sources */ = {isa = PBXBuildFile; fileRef = 0B0565BF2755BF3B00EF0807 /* ViewModel.swift */; };
		0B0565C22755BF8B00EF0807 /* ItemDetailsBuy.swift in Sources */ = {isa = PBXBuildFile; fileRef = 0B0565C12755BF8B00EF0807 /* ItemDetailsBuy.swift */; };
		0B4552252725B0F3009BA1E0 /* GoogleService-Info.plist in Resources */ = {isa = PBXBuildFile; fileRef = 0B4552242725B0F3009BA1E0 /* GoogleService-Info.plist */; };
		0B45522A2725B491009BA1E0 /* User.swift in Sources */ = {isa = PBXBuildFile; fileRef = 0B4552292725B491009BA1E0 /* User.swift */; };
		0B45522E2725B503009BA1E0 /* Post.swift in Sources */ = {isa = PBXBuildFile; fileRef = 0B45522D2725B503009BA1E0 /* Post.swift */; };
		0B4552322725B554009BA1E0 /* Item.swift in Sources */ = {isa = PBXBuildFile; fileRef = 0B4552312725B554009BA1E0 /* Item.swift */; };
		0B4552362725B5A1009BA1E0 /* Message.swift in Sources */ = {isa = PBXBuildFile; fileRef = 0B4552352725B5A1009BA1E0 /* Message.swift */; };
		0B4552382725B5B9009BA1E0 /* Notification.swift in Sources */ = {isa = PBXBuildFile; fileRef = 0B4552372725B5B9009BA1E0 /* Notification.swift */; };
		0B45523C2725B606009BA1E0 /* Notification_Sequence.swift in Sources */ = {isa = PBXBuildFile; fileRef = 0B45523B2725B606009BA1E0 /* Notification_Sequence.swift */; };
		0B5C490C274315AA00FEF328 /* DateHelpers.swift in Sources */ = {isa = PBXBuildFile; fileRef = 0B5C490B274315AA00FEF328 /* DateHelpers.swift */; };
		0B6C613A27284FEA00D36FAC /* EntryField.swift in Sources */ = {isa = PBXBuildFile; fileRef = 0B6C613927284FEA00D36FAC /* EntryField.swift */; };
		0B7E7CD22717D006004DB7AC /* UniyardApp.swift in Sources */ = {isa = PBXBuildFile; fileRef = 0B7E7CD12717D006004DB7AC /* UniyardApp.swift */; };
		0B7E7CD42717D006004DB7AC /* ContentView.swift in Sources */ = {isa = PBXBuildFile; fileRef = 0B7E7CD32717D006004DB7AC /* ContentView.swift */; };
		0B7E7CD62717D006004DB7AC /* Assets.xcassets in Resources */ = {isa = PBXBuildFile; fileRef = 0B7E7CD52717D006004DB7AC /* Assets.xcassets */; };
		0B7E7CD92717D006004DB7AC /* Preview Assets.xcassets in Resources */ = {isa = PBXBuildFile; fileRef = 0B7E7CD82717D006004DB7AC /* Preview Assets.xcassets */; };
		0B7E7CE42717D006004DB7AC /* UniyardTests.swift in Sources */ = {isa = PBXBuildFile; fileRef = 0B7E7CE32717D006004DB7AC /* UniyardTests.swift */; };
		0B7E7CEF2717D006004DB7AC /* UniyardUITests.swift in Sources */ = {isa = PBXBuildFile; fileRef = 0B7E7CEE2717D006004DB7AC /* UniyardUITests.swift */; };
		0BB0C4802727494300060C8E /* Login.swift in Sources */ = {isa = PBXBuildFile; fileRef = 0BB0C47F2727494300060C8E /* Login.swift */; };
		0BB0C48227275F0D00060C8E /* ForgotPassword.swift in Sources */ = {isa = PBXBuildFile; fileRef = 0BB0C48127275F0D00060C8E /* ForgotPassword.swift */; };
		0BB0C4852727B96900060C8E /* LoginViewModel.swift in Sources */ = {isa = PBXBuildFile; fileRef = 0BB0C4842727B96900060C8E /* LoginViewModel.swift */; };
		0BF72DF1272AF5DE0013DCC2 /* ItemsViewModel.swift in Sources */ = {isa = PBXBuildFile; fileRef = 0BF72DF0272AF5DE0013DCC2 /* ItemsViewModel.swift */; };
		0BF72DF3272B06630013DCC2 /* CreateBuyView.swift in Sources */ = {isa = PBXBuildFile; fileRef = 0BF72DF2272B06630013DCC2 /* CreateBuyView.swift */; };
		0BF72DF7272B07E80013DCC2 /* BuyListings.swift in Sources */ = {isa = PBXBuildFile; fileRef = 0BF72DF6272B07E80013DCC2 /* BuyListings.swift */; };
		0BF72DF9272B08040013DCC2 /* SellListings.swift in Sources */ = {isa = PBXBuildFile; fileRef = 0BF72DF8272B08040013DCC2 /* SellListings.swift */; };
		0BF72E09273097730013DCC2 /* ItemDetailViewModel.swift in Sources */ = {isa = PBXBuildFile; fileRef = 0BF72E08273097730013DCC2 /* ItemDetailViewModel.swift */; };
		0BF72E0B273097C30013DCC2 /* ItemDetailsSell.swift in Sources */ = {isa = PBXBuildFile; fileRef = 0BF72E0A273097C30013DCC2 /* ItemDetailsSell.swift */; };
		0BF72E0D273098150013DCC2 /* BottomBarNav.swift in Sources */ = {isa = PBXBuildFile; fileRef = 0BF72E0C273098150013DCC2 /* BottomBarNav.swift */; };
		0BF72E11273098650013DCC2 /* SavedPostView.swift in Sources */ = {isa = PBXBuildFile; fileRef = 0BF72E10273098650013DCC2 /* SavedPostView.swift */; };
		0BF72E132730988A0013DCC2 /* NotificationView.swift in Sources */ = {isa = PBXBuildFile; fileRef = 0BF72E122730988A0013DCC2 /* NotificationView.swift */; };
		0BF72E15273098A20013DCC2 /* ProfileView.swift in Sources */ = {isa = PBXBuildFile; fileRef = 0BF72E14273098A20013DCC2 /* ProfileView.swift */; };
		0BF72E192730AB830013DCC2 /* CreateSellView.swift in Sources */ = {isa = PBXBuildFile; fileRef = 0BF72E182730AB830013DCC2 /* CreateSellView.swift */; };
		0BFD720E27291EF60038F669 /* UniYardHomepage.swift in Sources */ = {isa = PBXBuildFile; fileRef = 0BFD720D27291EF60038F669 /* UniYardHomepage.swift */; };
		0BFD721027291F2F0038F669 /* ItemsHome.swift in Sources */ = {isa = PBXBuildFile; fileRef = 0BFD720F27291F2F0038F669 /* ItemsHome.swift */; };
		0BFD7212272A3FCF0038F669 /* PostItem.swift in Sources */ = {isa = PBXBuildFile; fileRef = 0BFD7211272A3FCF0038F669 /* PostItem.swift */; };
		0BFD7214272A54920038F669 /* CampusLocationPicker2.swift in Sources */ = {isa = PBXBuildFile; fileRef = 0BFD7213272A54920038F669 /* CampusLocationPicker2.swift */; };
		BF23DB3227289FF400410436 /* SignUpView.swift in Sources */ = {isa = PBXBuildFile; fileRef = BF23DB3127289FF400410436 /* SignUpView.swift */; };
		BF23DB342728C2FD00410436 /* SignUpViewModel.swift in Sources */ = {isa = PBXBuildFile; fileRef = BF23DB332728C2FD00410436 /* SignUpViewModel.swift */; };
		BF23DB362728DC6E00410436 /* CampusLocationPicker.swift in Sources */ = {isa = PBXBuildFile; fileRef = BF23DB352728DC6E00410436 /* CampusLocationPicker.swift */; };
		BF2792C12749AF0500257F8C /* SavedPostViewModel.swift in Sources */ = {isa = PBXBuildFile; fileRef = BF2792C02749AF0500257F8C /* SavedPostViewModel.swift */; };
		BF2792C3274C882200257F8C /* MyPostView.swift in Sources */ = {isa = PBXBuildFile; fileRef = BF2792C2274C882200257F8C /* MyPostView.swift */; };
		BF2792C5274C8AAA00257F8C /* MyPostViewModel.swift in Sources */ = {isa = PBXBuildFile; fileRef = BF2792C4274C8AAA00257F8C /* MyPostViewModel.swift */; };
		BF2792C827586ED300257F8C /* FirebaseMessaging in Frameworks */ = {isa = PBXBuildFile; productRef = BF2792C727586ED300257F8C /* FirebaseMessaging */; };
		BF2792CA27587D3D00257F8C /* NotificationViewModel.swift in Sources */ = {isa = PBXBuildFile; fileRef = BF2792C927587D3D00257F8C /* NotificationViewModel.swift */; };
		BF9C27FC27346C2E00E3231C /* SearchBuyListings.swift in Sources */ = {isa = PBXBuildFile; fileRef = BF9C27FB27346C2E00E3231C /* SearchBuyListings.swift */; };
		BF9C27FE27346C9000E3231C /* SearchSellListings.swift in Sources */ = {isa = PBXBuildFile; fileRef = BF9C27FD27346C9000E3231C /* SearchSellListings.swift */; };
		BF9C280027357BA800E3231C /* SignUpMock.swift in Sources */ = {isa = PBXBuildFile; fileRef = BF9C27FF27357BA800E3231C /* SignUpMock.swift */; };
		BF9C28022735836300E3231C /* SortView.swift in Sources */ = {isa = PBXBuildFile; fileRef = BF9C28012735836300E3231C /* SortView.swift */; };
		BF9C28042735838000E3231C /* BuyFilterView.swift in Sources */ = {isa = PBXBuildFile; fileRef = BF9C28032735838000E3231C /* BuyFilterView.swift */; };
		BF9C2806273583B000E3231C /* SellFilterView.swift in Sources */ = {isa = PBXBuildFile; fileRef = BF9C2805273583B000E3231C /* SellFilterView.swift */; };
		BF9C2809273588F900E3231C /* Chat.swift in Sources */ = {isa = PBXBuildFile; fileRef = BF9C2808273588F900E3231C /* Chat.swift */; };
		BF9C280B2735892F00E3231C /* ChatsViewModel.swift in Sources */ = {isa = PBXBuildFile; fileRef = BF9C280A2735892F00E3231C /* ChatsViewModel.swift */; };
		BF9C280E2735897C00E3231C /* ChatList.swift in Sources */ = {isa = PBXBuildFile; fileRef = BF9C280D2735897C00E3231C /* ChatList.swift */; };
		BF9C2810273589AE00E3231C /* ChatRow.swift in Sources */ = {isa = PBXBuildFile; fileRef = BF9C280F273589AE00E3231C /* ChatRow.swift */; };
		E250B359275965BC00365D8F /* SDWebImageSwiftUI in Frameworks */ = {isa = PBXBuildFile; productRef = E250B358275965BC00365D8F /* SDWebImageSwiftUI */; };
		E250B35D2759866A00365D8F /* MultiImagePicker.swift in Sources */ = {isa = PBXBuildFile; fileRef = E250B35C2759866900365D8F /* MultiImagePicker.swift */; };
		E28BB7B4274AF76000F06E49 /* CurUserViewModel.swift in Sources */ = {isa = PBXBuildFile; fileRef = E28BB7B3274AF76000F06E49 /* CurUserViewModel.swift */; };
		E2C467982756B32100350B65 /* ImagePicker.swift in Sources */ = {isa = PBXBuildFile; fileRef = E2C467972756B32100350B65 /* ImagePicker.swift */; };
		E2C4679F2756E1DD00350B65 /* FirebaseAuthCombine-Community in Frameworks */ = {isa = PBXBuildFile; productRef = E2C4679E2756E1DD00350B65 /* FirebaseAuthCombine-Community */; };
		E2C467A12756E1DD00350B65 /* FirebaseStorageCombine-Community in Frameworks */ = {isa = PBXBuildFile; productRef = E2C467A02756E1DD00350B65 /* FirebaseStorageCombine-Community */; };
		E2C467A32756E1DD00350B65 /* FirebaseMessaging in Frameworks */ = {isa = PBXBuildFile; productRef = E2C467A22756E1DD00350B65 /* FirebaseMessaging */; };
		E2C467A52756E1DD00350B65 /* FirebaseInAppMessagingSwift-Beta in Frameworks */ = {isa = PBXBuildFile; productRef = E2C467A42756E1DD00350B65 /* FirebaseInAppMessagingSwift-Beta */; };
		E2C467A72756E1DD00350B65 /* FirebaseStorageSwift-Beta in Frameworks */ = {isa = PBXBuildFile; productRef = E2C467A62756E1DD00350B65 /* FirebaseStorageSwift-Beta */; };
		E2C467A92756E1DD00350B65 /* FirebaseFirestoreSwift-Beta in Frameworks */ = {isa = PBXBuildFile; productRef = E2C467A82756E1DD00350B65 /* FirebaseFirestoreSwift-Beta */; };
		E2C467AB2756E1DD00350B65 /* FirebaseStorage in Frameworks */ = {isa = PBXBuildFile; productRef = E2C467AA2756E1DD00350B65 /* FirebaseStorage */; };
		E2C467AD2756E1DD00350B65 /* FirebaseAuth in Frameworks */ = {isa = PBXBuildFile; productRef = E2C467AC2756E1DD00350B65 /* FirebaseAuth */; };
		E2C467AF2756E1DD00350B65 /* FirebaseAnalytics in Frameworks */ = {isa = PBXBuildFile; productRef = E2C467AE2756E1DD00350B65 /* FirebaseAnalytics */; };
		E2C467B12756E1DD00350B65 /* FirebaseFirestoreCombine-Community in Frameworks */ = {isa = PBXBuildFile; productRef = E2C467B02756E1DD00350B65 /* FirebaseFirestoreCombine-Community */; };
		E2C467B32756E1DD00350B65 /* FirebaseFirestore in Frameworks */ = {isa = PBXBuildFile; productRef = E2C467B22756E1DD00350B65 /* FirebaseFirestore */; };
		E2C467B52756E1DD00350B65 /* FirebaseDatabase in Frameworks */ = {isa = PBXBuildFile; productRef = E2C467B42756E1DD00350B65 /* FirebaseDatabase */; };
		E2C467B72756E1DD00350B65 /* FirebaseInAppMessaging-Beta in Frameworks */ = {isa = PBXBuildFile; productRef = E2C467B62756E1DD00350B65 /* FirebaseInAppMessaging-Beta */; };
		E2C467B92756E1DD00350B65 /* FirebaseDatabaseSwift-Beta in Frameworks */ = {isa = PBXBuildFile; productRef = E2C467B82756E1DD00350B65 /* FirebaseDatabaseSwift-Beta */; };
		E2C467BB2756E1DD00350B65 /* FirebaseCrashlytics in Frameworks */ = {isa = PBXBuildFile; productRef = E2C467BA2756E1DD00350B65 /* FirebaseCrashlytics */; };
		E2E6664B2745A6D10030E5C5 /* PersonalView.swift in Sources */ = {isa = PBXBuildFile; fileRef = E2E6664A2745A6D10030E5C5 /* PersonalView.swift */; };
		E2E6664F2745AC1C0030E5C5 /* SettingsView.swift in Sources */ = {isa = PBXBuildFile; fileRef = E2E6664E2745AC1C0030E5C5 /* SettingsView.swift */; };
/* End PBXBuildFile section */

/* Begin PBXContainerItemProxy section */
		0B7E7CE02717D006004DB7AC /* PBXContainerItemProxy */ = {
			isa = PBXContainerItemProxy;
			containerPortal = 0B7E7CC62717D006004DB7AC /* Project object */;
			proxyType = 1;
			remoteGlobalIDString = 0B7E7CCD2717D006004DB7AC;
			remoteInfo = Uniyard;
		};
		0B7E7CEB2717D006004DB7AC /* PBXContainerItemProxy */ = {
			isa = PBXContainerItemProxy;
			containerPortal = 0B7E7CC62717D006004DB7AC /* Project object */;
			proxyType = 1;
			remoteGlobalIDString = 0B7E7CCD2717D006004DB7AC;
			remoteInfo = Uniyard;
		};
/* End PBXContainerItemProxy section */

/* Begin PBXFileReference section */
		0B0565B327477CF100EF0807 /* ChatView.swift */ = {isa = PBXFileReference; lastKnownFileType = sourcecode.swift; path = ChatView.swift; sourceTree = "<group>"; };
		0B0565B9274C458D00EF0807 /* MessageUser.swift */ = {isa = PBXFileReference; lastKnownFileType = sourcecode.swift; path = MessageUser.swift; sourceTree = "<group>"; };
		0B0565BC274D4FE900EF0807 /* SaveChat.swift */ = {isa = PBXFileReference; lastKnownFileType = sourcecode.swift; path = SaveChat.swift; sourceTree = "<group>"; };
		0B0565BF2755BF3B00EF0807 /* ViewModel.swift */ = {isa = PBXFileReference; lastKnownFileType = sourcecode.swift; path = ViewModel.swift; sourceTree = "<group>"; };
		0B0565C12755BF8B00EF0807 /* ItemDetailsBuy.swift */ = {isa = PBXFileReference; lastKnownFileType = sourcecode.swift; path = ItemDetailsBuy.swift; sourceTree = "<group>"; };
		0B4552242725B0F3009BA1E0 /* GoogleService-Info.plist */ = {isa = PBXFileReference; fileEncoding = 4; lastKnownFileType = text.plist.xml; path = "GoogleService-Info.plist"; sourceTree = "<group>"; };
		0B4552292725B491009BA1E0 /* User.swift */ = {isa = PBXFileReference; lastKnownFileType = sourcecode.swift; path = User.swift; sourceTree = "<group>"; };
		0B45522D2725B503009BA1E0 /* Post.swift */ = {isa = PBXFileReference; lastKnownFileType = sourcecode.swift; path = Post.swift; sourceTree = "<group>"; };
		0B4552312725B554009BA1E0 /* Item.swift */ = {isa = PBXFileReference; lastKnownFileType = sourcecode.swift; path = Item.swift; sourceTree = "<group>"; };
		0B4552352725B5A1009BA1E0 /* Message.swift */ = {isa = PBXFileReference; lastKnownFileType = sourcecode.swift; path = Message.swift; sourceTree = "<group>"; };
		0B4552372725B5B9009BA1E0 /* Notification.swift */ = {isa = PBXFileReference; lastKnownFileType = sourcecode.swift; path = Notification.swift; sourceTree = "<group>"; };
		0B45523B2725B606009BA1E0 /* Notification_Sequence.swift */ = {isa = PBXFileReference; lastKnownFileType = sourcecode.swift; path = Notification_Sequence.swift; sourceTree = "<group>"; };
		0B5C490B274315AA00FEF328 /* DateHelpers.swift */ = {isa = PBXFileReference; lastKnownFileType = sourcecode.swift; path = DateHelpers.swift; sourceTree = "<group>"; };
		0B6C613927284FEA00D36FAC /* EntryField.swift */ = {isa = PBXFileReference; lastKnownFileType = sourcecode.swift; path = EntryField.swift; sourceTree = "<group>"; };
		0B7E7CCE2717D006004DB7AC /* Uniyard.app */ = {isa = PBXFileReference; explicitFileType = wrapper.application; includeInIndex = 0; path = Uniyard.app; sourceTree = BUILT_PRODUCTS_DIR; };
		0B7E7CD12717D006004DB7AC /* UniyardApp.swift */ = {isa = PBXFileReference; lastKnownFileType = sourcecode.swift; path = UniyardApp.swift; sourceTree = "<group>"; };
		0B7E7CD32717D006004DB7AC /* ContentView.swift */ = {isa = PBXFileReference; lastKnownFileType = sourcecode.swift; path = ContentView.swift; sourceTree = "<group>"; };
		0B7E7CD52717D006004DB7AC /* Assets.xcassets */ = {isa = PBXFileReference; lastKnownFileType = folder.assetcatalog; path = Assets.xcassets; sourceTree = "<group>"; };
		0B7E7CD82717D006004DB7AC /* Preview Assets.xcassets */ = {isa = PBXFileReference; lastKnownFileType = folder.assetcatalog; path = "Preview Assets.xcassets"; sourceTree = "<group>"; };
		0B7E7CDA2717D006004DB7AC /* Info.plist */ = {isa = PBXFileReference; lastKnownFileType = text.plist.xml; path = Info.plist; sourceTree = "<group>"; };
		0B7E7CDF2717D006004DB7AC /* UniyardTests.xctest */ = {isa = PBXFileReference; explicitFileType = wrapper.cfbundle; includeInIndex = 0; path = UniyardTests.xctest; sourceTree = BUILT_PRODUCTS_DIR; };
		0B7E7CE32717D006004DB7AC /* UniyardTests.swift */ = {isa = PBXFileReference; lastKnownFileType = sourcecode.swift; path = UniyardTests.swift; sourceTree = "<group>"; };
		0B7E7CE52717D006004DB7AC /* Info.plist */ = {isa = PBXFileReference; lastKnownFileType = text.plist.xml; path = Info.plist; sourceTree = "<group>"; };
		0B7E7CEA2717D006004DB7AC /* UniyardUITests.xctest */ = {isa = PBXFileReference; explicitFileType = wrapper.cfbundle; includeInIndex = 0; path = UniyardUITests.xctest; sourceTree = BUILT_PRODUCTS_DIR; };
		0B7E7CEE2717D006004DB7AC /* UniyardUITests.swift */ = {isa = PBXFileReference; lastKnownFileType = sourcecode.swift; path = UniyardUITests.swift; sourceTree = "<group>"; };
		0B7E7CF02717D006004DB7AC /* Info.plist */ = {isa = PBXFileReference; lastKnownFileType = text.plist.xml; path = Info.plist; sourceTree = "<group>"; };
		0BB0C47F2727494300060C8E /* Login.swift */ = {isa = PBXFileReference; lastKnownFileType = sourcecode.swift; path = Login.swift; sourceTree = "<group>"; };
		0BB0C48127275F0D00060C8E /* ForgotPassword.swift */ = {isa = PBXFileReference; lastKnownFileType = sourcecode.swift; path = ForgotPassword.swift; sourceTree = "<group>"; };
		0BB0C4842727B96900060C8E /* LoginViewModel.swift */ = {isa = PBXFileReference; lastKnownFileType = sourcecode.swift; path = LoginViewModel.swift; sourceTree = "<group>"; };
		0BF72DF0272AF5DE0013DCC2 /* ItemsViewModel.swift */ = {isa = PBXFileReference; lastKnownFileType = sourcecode.swift; path = ItemsViewModel.swift; sourceTree = "<group>"; };
		0BF72DF2272B06630013DCC2 /* CreateBuyView.swift */ = {isa = PBXFileReference; lastKnownFileType = sourcecode.swift; path = CreateBuyView.swift; sourceTree = "<group>"; };
		0BF72DF6272B07E80013DCC2 /* BuyListings.swift */ = {isa = PBXFileReference; lastKnownFileType = sourcecode.swift; path = BuyListings.swift; sourceTree = "<group>"; };
		0BF72DF8272B08040013DCC2 /* SellListings.swift */ = {isa = PBXFileReference; lastKnownFileType = sourcecode.swift; path = SellListings.swift; sourceTree = "<group>"; };
		0BF72E08273097730013DCC2 /* ItemDetailViewModel.swift */ = {isa = PBXFileReference; lastKnownFileType = sourcecode.swift; path = ItemDetailViewModel.swift; sourceTree = "<group>"; };
		0BF72E0A273097C30013DCC2 /* ItemDetailsSell.swift */ = {isa = PBXFileReference; lastKnownFileType = sourcecode.swift; path = ItemDetailsSell.swift; sourceTree = "<group>"; };
		0BF72E0C273098150013DCC2 /* BottomBarNav.swift */ = {isa = PBXFileReference; lastKnownFileType = sourcecode.swift; path = BottomBarNav.swift; sourceTree = "<group>"; };
		0BF72E10273098650013DCC2 /* SavedPostView.swift */ = {isa = PBXFileReference; lastKnownFileType = sourcecode.swift; path = SavedPostView.swift; sourceTree = "<group>"; };
		0BF72E122730988A0013DCC2 /* NotificationView.swift */ = {isa = PBXFileReference; lastKnownFileType = sourcecode.swift; path = NotificationView.swift; sourceTree = "<group>"; };
		0BF72E14273098A20013DCC2 /* ProfileView.swift */ = {isa = PBXFileReference; lastKnownFileType = sourcecode.swift; path = ProfileView.swift; sourceTree = "<group>"; };
		0BF72E182730AB830013DCC2 /* CreateSellView.swift */ = {isa = PBXFileReference; lastKnownFileType = sourcecode.swift; path = CreateSellView.swift; sourceTree = "<group>"; };
		0BFD720D27291EF60038F669 /* UniYardHomepage.swift */ = {isa = PBXFileReference; lastKnownFileType = sourcecode.swift; path = UniYardHomepage.swift; sourceTree = "<group>"; };
		0BFD720F27291F2F0038F669 /* ItemsHome.swift */ = {isa = PBXFileReference; lastKnownFileType = sourcecode.swift; path = ItemsHome.swift; sourceTree = "<group>"; };
		0BFD7211272A3FCF0038F669 /* PostItem.swift */ = {isa = PBXFileReference; lastKnownFileType = sourcecode.swift; path = PostItem.swift; sourceTree = "<group>"; };
		0BFD7213272A54920038F669 /* CampusLocationPicker2.swift */ = {isa = PBXFileReference; lastKnownFileType = sourcecode.swift; path = CampusLocationPicker2.swift; sourceTree = "<group>"; };
		BF23DB3127289FF400410436 /* SignUpView.swift */ = {isa = PBXFileReference; lastKnownFileType = sourcecode.swift; path = SignUpView.swift; sourceTree = "<group>"; };
		BF23DB332728C2FD00410436 /* SignUpViewModel.swift */ = {isa = PBXFileReference; lastKnownFileType = sourcecode.swift; path = SignUpViewModel.swift; sourceTree = "<group>"; };
		BF23DB352728DC6E00410436 /* CampusLocationPicker.swift */ = {isa = PBXFileReference; lastKnownFileType = sourcecode.swift; path = CampusLocationPicker.swift; sourceTree = "<group>"; };
		BF2792C02749AF0500257F8C /* SavedPostViewModel.swift */ = {isa = PBXFileReference; lastKnownFileType = sourcecode.swift; path = SavedPostViewModel.swift; sourceTree = "<group>"; };
		BF2792C2274C882200257F8C /* MyPostView.swift */ = {isa = PBXFileReference; lastKnownFileType = sourcecode.swift; path = MyPostView.swift; sourceTree = "<group>"; };
		BF2792C4274C8AAA00257F8C /* MyPostViewModel.swift */ = {isa = PBXFileReference; lastKnownFileType = sourcecode.swift; path = MyPostViewModel.swift; sourceTree = "<group>"; };
		BF2792C927587D3D00257F8C /* NotificationViewModel.swift */ = {isa = PBXFileReference; lastKnownFileType = sourcecode.swift; path = NotificationViewModel.swift; sourceTree = "<group>"; };
		BF2792D02759835B00257F8C /* Uniyard.entitlements */ = {isa = PBXFileReference; fileEncoding = 4; lastKnownFileType = text.plist.entitlements; path = Uniyard.entitlements; sourceTree = "<group>"; };
		BF9C27FB27346C2E00E3231C /* SearchBuyListings.swift */ = {isa = PBXFileReference; lastKnownFileType = sourcecode.swift; path = SearchBuyListings.swift; sourceTree = "<group>"; };
		BF9C27FD27346C9000E3231C /* SearchSellListings.swift */ = {isa = PBXFileReference; lastKnownFileType = sourcecode.swift; path = SearchSellListings.swift; sourceTree = "<group>"; };
		BF9C27FF27357BA800E3231C /* SignUpMock.swift */ = {isa = PBXFileReference; lastKnownFileType = sourcecode.swift; path = SignUpMock.swift; sourceTree = "<group>"; };
		BF9C28012735836300E3231C /* SortView.swift */ = {isa = PBXFileReference; lastKnownFileType = sourcecode.swift; path = SortView.swift; sourceTree = "<group>"; };
		BF9C28032735838000E3231C /* BuyFilterView.swift */ = {isa = PBXFileReference; lastKnownFileType = sourcecode.swift; path = BuyFilterView.swift; sourceTree = "<group>"; };
		BF9C2805273583B000E3231C /* SellFilterView.swift */ = {isa = PBXFileReference; lastKnownFileType = sourcecode.swift; path = SellFilterView.swift; sourceTree = "<group>"; };
		BF9C2808273588F900E3231C /* Chat.swift */ = {isa = PBXFileReference; lastKnownFileType = sourcecode.swift; path = Chat.swift; sourceTree = "<group>"; };
		BF9C280A2735892F00E3231C /* ChatsViewModel.swift */ = {isa = PBXFileReference; lastKnownFileType = sourcecode.swift; path = ChatsViewModel.swift; sourceTree = "<group>"; };
		BF9C280D2735897C00E3231C /* ChatList.swift */ = {isa = PBXFileReference; lastKnownFileType = sourcecode.swift; path = ChatList.swift; sourceTree = "<group>"; };
		BF9C280F273589AE00E3231C /* ChatRow.swift */ = {isa = PBXFileReference; lastKnownFileType = sourcecode.swift; path = ChatRow.swift; sourceTree = "<group>"; };
		E250B35C2759866900365D8F /* MultiImagePicker.swift */ = {isa = PBXFileReference; lastKnownFileType = sourcecode.swift; path = MultiImagePicker.swift; sourceTree = "<group>"; };
		E28BB7B3274AF76000F06E49 /* CurUserViewModel.swift */ = {isa = PBXFileReference; lastKnownFileType = sourcecode.swift; path = CurUserViewModel.swift; sourceTree = "<group>"; };
		E2C467972756B32100350B65 /* ImagePicker.swift */ = {isa = PBXFileReference; lastKnownFileType = sourcecode.swift; path = ImagePicker.swift; sourceTree = "<group>"; };
		E2E6664A2745A6D10030E5C5 /* PersonalView.swift */ = {isa = PBXFileReference; lastKnownFileType = sourcecode.swift; path = PersonalView.swift; sourceTree = "<group>"; };
		E2E6664E2745AC1C0030E5C5 /* SettingsView.swift */ = {isa = PBXFileReference; lastKnownFileType = sourcecode.swift; path = SettingsView.swift; sourceTree = "<group>"; };
/* End PBXFileReference section */

/* Begin PBXFrameworksBuildPhase section */
		0B7E7CCB2717D006004DB7AC /* Frameworks */ = {
			isa = PBXFrameworksBuildPhase;
			buildActionMask = 2147483647;
			files = (
				BF2792C827586ED300257F8C /* FirebaseMessaging in Frameworks */,
				E2C467B72756E1DD00350B65 /* FirebaseInAppMessaging-Beta in Frameworks */,
				E2C467A72756E1DD00350B65 /* FirebaseStorageSwift-Beta in Frameworks */,
				E2C467A32756E1DD00350B65 /* FirebaseMessaging in Frameworks */,
				E2C467A12756E1DD00350B65 /* FirebaseStorageCombine-Community in Frameworks */,
				E250B359275965BC00365D8F /* SDWebImageSwiftUI in Frameworks */,
				E2C467B12756E1DD00350B65 /* FirebaseFirestoreCombine-Community in Frameworks */,
				E2C467A92756E1DD00350B65 /* FirebaseFirestoreSwift-Beta in Frameworks */,
				E2C467AB2756E1DD00350B65 /* FirebaseStorage in Frameworks */,
				E2C467B52756E1DD00350B65 /* FirebaseDatabase in Frameworks */,
				E2C467A52756E1DD00350B65 /* FirebaseInAppMessagingSwift-Beta in Frameworks */,
				E2C4679F2756E1DD00350B65 /* FirebaseAuthCombine-Community in Frameworks */,
				E2C467AD2756E1DD00350B65 /* FirebaseAuth in Frameworks */,
				E2C467B32756E1DD00350B65 /* FirebaseFirestore in Frameworks */,
				E2C467BB2756E1DD00350B65 /* FirebaseCrashlytics in Frameworks */,
				E2C467B92756E1DD00350B65 /* FirebaseDatabaseSwift-Beta in Frameworks */,
				E2C467AF2756E1DD00350B65 /* FirebaseAnalytics in Frameworks */,
			);
			runOnlyForDeploymentPostprocessing = 0;
		};
		0B7E7CDC2717D006004DB7AC /* Frameworks */ = {
			isa = PBXFrameworksBuildPhase;
			buildActionMask = 2147483647;
			files = (
			);
			runOnlyForDeploymentPostprocessing = 0;
		};
		0B7E7CE72717D006004DB7AC /* Frameworks */ = {
			isa = PBXFrameworksBuildPhase;
			buildActionMask = 2147483647;
			files = (
			);
			runOnlyForDeploymentPostprocessing = 0;
		};
/* End PBXFrameworksBuildPhase section */

/* Begin PBXGroup section */
		0B4552282725B415009BA1E0 /* Models */ = {
			isa = PBXGroup;
			children = (
				BF9C28072735886100E3231C /* Messages */,
				0B4552292725B491009BA1E0 /* User.swift */,
				0B45522D2725B503009BA1E0 /* Post.swift */,
				0B4552312725B554009BA1E0 /* Item.swift */,
				0B4552372725B5B9009BA1E0 /* Notification.swift */,
				0B45523B2725B606009BA1E0 /* Notification_Sequence.swift */,
				0BFD7211272A3FCF0038F669 /* PostItem.swift */,
			);
			path = Models;
			sourceTree = "<group>";
		};
		0B7E7CC52717D006004DB7AC = {
			isa = PBXGroup;
			children = (
				0B7E7CD02717D006004DB7AC /* Uniyard */,
				0B7E7CE22717D006004DB7AC /* UniyardTests */,
				0B7E7CED2717D006004DB7AC /* UniyardUITests */,
				0B7E7CCF2717D006004DB7AC /* Products */,
				BF2792C627586ED300257F8C /* Frameworks */,
			);
			sourceTree = "<group>";
		};
		0B7E7CCF2717D006004DB7AC /* Products */ = {
			isa = PBXGroup;
			children = (
				0B7E7CCE2717D006004DB7AC /* Uniyard.app */,
				0B7E7CDF2717D006004DB7AC /* UniyardTests.xctest */,
				0B7E7CEA2717D006004DB7AC /* UniyardUITests.xctest */,
			);
			name = Products;
			sourceTree = "<group>";
		};
		0B7E7CD02717D006004DB7AC /* Uniyard */ = {
			isa = PBXGroup;
			children = (
				BF2792D02759835B00257F8C /* Uniyard.entitlements */,
				0BB0C4832727B92900060C8E /* ViewModels */,
				0BB0C47E27271C8F00060C8E /* Views */,
				0B4552282725B415009BA1E0 /* Models */,
				0B7E7CD12717D006004DB7AC /* UniyardApp.swift */,
				0B7E7CD52717D006004DB7AC /* Assets.xcassets */,
				0B7E7CDA2717D006004DB7AC /* Info.plist */,
				0B4552242725B0F3009BA1E0 /* GoogleService-Info.plist */,
				0B7E7CD72717D006004DB7AC /* Preview Content */,
			);
			path = Uniyard;
			sourceTree = "<group>";
		};
		0B7E7CD72717D006004DB7AC /* Preview Content */ = {
			isa = PBXGroup;
			children = (
				0B7E7CD82717D006004DB7AC /* Preview Assets.xcassets */,
			);
			path = "Preview Content";
			sourceTree = "<group>";
		};
		0B7E7CE22717D006004DB7AC /* UniyardTests */ = {
			isa = PBXGroup;
			children = (
				0B7E7CE32717D006004DB7AC /* UniyardTests.swift */,
				0B7E7CE52717D006004DB7AC /* Info.plist */,
				BF9C27FF27357BA800E3231C /* SignUpMock.swift */,
			);
			path = UniyardTests;
			sourceTree = "<group>";
		};
		0B7E7CED2717D006004DB7AC /* UniyardUITests */ = {
			isa = PBXGroup;
			children = (
				0B7E7CEE2717D006004DB7AC /* UniyardUITests.swift */,
				0B7E7CF02717D006004DB7AC /* Info.plist */,
			);
			path = UniyardUITests;
			sourceTree = "<group>";
		};
		0BB0C47E27271C8F00060C8E /* Views */ = {
			isa = PBXGroup;
			children = (
				BF9C280C2735896500E3231C /* Chats */,
				0B7E7CD32717D006004DB7AC /* ContentView.swift */,
				0BB0C47F2727494300060C8E /* Login.swift */,
				0BB0C48127275F0D00060C8E /* ForgotPassword.swift */,
				0B6C613927284FEA00D36FAC /* EntryField.swift */,
				BF23DB3127289FF400410436 /* SignUpView.swift */,
				BF23DB352728DC6E00410436 /* CampusLocationPicker.swift */,
				0BFD720D27291EF60038F669 /* UniYardHomepage.swift */,
				0BFD720F27291F2F0038F669 /* ItemsHome.swift */,
				0BFD7213272A54920038F669 /* CampusLocationPicker2.swift */,
				0BF72DF6272B07E80013DCC2 /* BuyListings.swift */,
				0BF72DF8272B08040013DCC2 /* SellListings.swift */,
				0BF72E0C273098150013DCC2 /* BottomBarNav.swift */,
				0BF72E10273098650013DCC2 /* SavedPostView.swift */,
				0BF72E122730988A0013DCC2 /* NotificationView.swift */,
				0BF72E14273098A20013DCC2 /* ProfileView.swift */,
				E2E6664A2745A6D10030E5C5 /* PersonalView.swift */,
				E2E6664E2745AC1C0030E5C5 /* SettingsView.swift */,
				0BF72E0A273097C30013DCC2 /* ItemDetailsSell.swift */,
				0B0565C12755BF8B00EF0807 /* ItemDetailsBuy.swift */,
				0BF72DF2272B06630013DCC2 /* CreateBuyView.swift */,
				0BF72E182730AB830013DCC2 /* CreateSellView.swift */,
				BF9C27FB27346C2E00E3231C /* SearchBuyListings.swift */,
				BF9C27FD27346C9000E3231C /* SearchSellListings.swift */,
				BF9C28012735836300E3231C /* SortView.swift */,
				BF9C28032735838000E3231C /* BuyFilterView.swift */,
				BF9C2805273583B000E3231C /* SellFilterView.swift */,
				BF2792C2274C882200257F8C /* MyPostView.swift */,
			);
			path = Views;
			sourceTree = "<group>";
		};
		0BB0C4832727B92900060C8E /* ViewModels */ = {
			isa = PBXGroup;
			children = (
				E28BB7B3274AF76000F06E49 /* CurUserViewModel.swift */,
				0BB0C4842727B96900060C8E /* LoginViewModel.swift */,
				BF23DB332728C2FD00410436 /* SignUpViewModel.swift */,
				0BF72DF0272AF5DE0013DCC2 /* ItemsViewModel.swift */,
				0BF72E08273097730013DCC2 /* ItemDetailViewModel.swift */,
				BF9C280A2735892F00E3231C /* ChatsViewModel.swift */,
				BF2792C02749AF0500257F8C /* SavedPostViewModel.swift */,
				BF2792C4274C8AAA00257F8C /* MyPostViewModel.swift */,
				0B0565BF2755BF3B00EF0807 /* ViewModel.swift */,
				BF2792C927587D3D00257F8C /* NotificationViewModel.swift */,
				E2C467972756B32100350B65 /* ImagePicker.swift */,
				E250B35C2759866900365D8F /* MultiImagePicker.swift */,
			);
			path = ViewModels;
			sourceTree = "<group>";
		};
		BF2792C627586ED300257F8C /* Frameworks */ = {
			isa = PBXGroup;
			children = (
			);
			name = Frameworks;
			sourceTree = "<group>";
		};
		BF9C28072735886100E3231C /* Messages */ = {
			isa = PBXGroup;
			children = (
				0B4552352725B5A1009BA1E0 /* Message.swift */,
				BF9C2808273588F900E3231C /* Chat.swift */,
				0B5C490B274315AA00FEF328 /* DateHelpers.swift */,
				0B0565B9274C458D00EF0807 /* MessageUser.swift */,
				0B0565BC274D4FE900EF0807 /* SaveChat.swift */,
			);
			path = Messages;
			sourceTree = "<group>";
		};
		BF9C280C2735896500E3231C /* Chats */ = {
			isa = PBXGroup;
			children = (
				BF9C280D2735897C00E3231C /* ChatList.swift */,
				BF9C280F273589AE00E3231C /* ChatRow.swift */,
				0B0565B327477CF100EF0807 /* ChatView.swift */,
			);
			path = Chats;
			sourceTree = "<group>";
		};
/* End PBXGroup section */

/* Begin PBXNativeTarget section */
		0B7E7CCD2717D006004DB7AC /* Uniyard */ = {
			isa = PBXNativeTarget;
			buildConfigurationList = 0B7E7CF32717D006004DB7AC /* Build configuration list for PBXNativeTarget "Uniyard" */;
			buildPhases = (
				0B7E7CCA2717D006004DB7AC /* Sources */,
				0B7E7CCB2717D006004DB7AC /* Frameworks */,
				0B7E7CCC2717D006004DB7AC /* Resources */,
			);
			buildRules = (
			);
			dependencies = (
			);
			name = Uniyard;
			packageProductDependencies = (
				BF2792C727586ED300257F8C /* FirebaseMessaging */,
				E2C4679E2756E1DD00350B65 /* FirebaseAuthCombine-Community */,
				E2C467A02756E1DD00350B65 /* FirebaseStorageCombine-Community */,
				E2C467A22756E1DD00350B65 /* FirebaseMessaging */,
				E2C467A42756E1DD00350B65 /* FirebaseInAppMessagingSwift-Beta */,
				E2C467A62756E1DD00350B65 /* FirebaseStorageSwift-Beta */,
				E2C467A82756E1DD00350B65 /* FirebaseFirestoreSwift-Beta */,
				E2C467AA2756E1DD00350B65 /* FirebaseStorage */,
				E2C467AC2756E1DD00350B65 /* FirebaseAuth */,
				E2C467AE2756E1DD00350B65 /* FirebaseAnalytics */,
				E2C467B02756E1DD00350B65 /* FirebaseFirestoreCombine-Community */,
				E2C467B22756E1DD00350B65 /* FirebaseFirestore */,
				E2C467B42756E1DD00350B65 /* FirebaseDatabase */,
				E2C467B62756E1DD00350B65 /* FirebaseInAppMessaging-Beta */,
				E2C467B82756E1DD00350B65 /* FirebaseDatabaseSwift-Beta */,
				E2C467BA2756E1DD00350B65 /* FirebaseCrashlytics */,
				E250B358275965BC00365D8F /* SDWebImageSwiftUI */,
			);
			productName = Uniyard;
			productReference = 0B7E7CCE2717D006004DB7AC /* Uniyard.app */;
			productType = "com.apple.product-type.application";
		};
		0B7E7CDE2717D006004DB7AC /* UniyardTests */ = {
			isa = PBXNativeTarget;
			buildConfigurationList = 0B7E7CF62717D006004DB7AC /* Build configuration list for PBXNativeTarget "UniyardTests" */;
			buildPhases = (
				0B7E7CDB2717D006004DB7AC /* Sources */,
				0B7E7CDC2717D006004DB7AC /* Frameworks */,
				0B7E7CDD2717D006004DB7AC /* Resources */,
			);
			buildRules = (
			);
			dependencies = (
				0B7E7CE12717D006004DB7AC /* PBXTargetDependency */,
			);
			name = UniyardTests;
			productName = UniyardTests;
			productReference = 0B7E7CDF2717D006004DB7AC /* UniyardTests.xctest */;
			productType = "com.apple.product-type.bundle.unit-test";
		};
		0B7E7CE92717D006004DB7AC /* UniyardUITests */ = {
			isa = PBXNativeTarget;
			buildConfigurationList = 0B7E7CF92717D006004DB7AC /* Build configuration list for PBXNativeTarget "UniyardUITests" */;
			buildPhases = (
				0B7E7CE62717D006004DB7AC /* Sources */,
				0B7E7CE72717D006004DB7AC /* Frameworks */,
				0B7E7CE82717D006004DB7AC /* Resources */,
			);
			buildRules = (
			);
			dependencies = (
				0B7E7CEC2717D006004DB7AC /* PBXTargetDependency */,
			);
			name = UniyardUITests;
			productName = UniyardUITests;
			productReference = 0B7E7CEA2717D006004DB7AC /* UniyardUITests.xctest */;
			productType = "com.apple.product-type.bundle.ui-testing";
		};
/* End PBXNativeTarget section */

/* Begin PBXProject section */
		0B7E7CC62717D006004DB7AC /* Project object */ = {
			isa = PBXProject;
			attributes = {
				LastSwiftUpdateCheck = 1250;
				LastUpgradeCheck = 1250;
				TargetAttributes = {
					0B7E7CCD2717D006004DB7AC = {
						CreatedOnToolsVersion = 12.5.1;
					};
					0B7E7CDE2717D006004DB7AC = {
						CreatedOnToolsVersion = 12.5.1;
						TestTargetID = 0B7E7CCD2717D006004DB7AC;
					};
					0B7E7CE92717D006004DB7AC = {
						CreatedOnToolsVersion = 12.5.1;
						TestTargetID = 0B7E7CCD2717D006004DB7AC;
					};
				};
			};
			buildConfigurationList = 0B7E7CC92717D006004DB7AC /* Build configuration list for PBXProject "Uniyard" */;
			compatibilityVersion = "Xcode 9.3";
			developmentRegion = en;
			hasScannedForEncodings = 0;
			knownRegions = (
				en,
				Base,
			);
			mainGroup = 0B7E7CC52717D006004DB7AC;
			packageReferences = (
				E2C4679D2756E1DD00350B65 /* XCRemoteSwiftPackageReference "firebase-ios-sdk" */,
				E250B357275965BC00365D8F /* XCRemoteSwiftPackageReference "SDWebImageSwiftUI" */,
			);
			productRefGroup = 0B7E7CCF2717D006004DB7AC /* Products */;
			projectDirPath = "";
			projectRoot = "";
			targets = (
				0B7E7CCD2717D006004DB7AC /* Uniyard */,
				0B7E7CDE2717D006004DB7AC /* UniyardTests */,
				0B7E7CE92717D006004DB7AC /* UniyardUITests */,
			);
		};
/* End PBXProject section */

/* Begin PBXResourcesBuildPhase section */
		0B7E7CCC2717D006004DB7AC /* Resources */ = {
			isa = PBXResourcesBuildPhase;
			buildActionMask = 2147483647;
			files = (
				0B7E7CD92717D006004DB7AC /* Preview Assets.xcassets in Resources */,
				0B7E7CD62717D006004DB7AC /* Assets.xcassets in Resources */,
				0B4552252725B0F3009BA1E0 /* GoogleService-Info.plist in Resources */,
			);
			runOnlyForDeploymentPostprocessing = 0;
		};
		0B7E7CDD2717D006004DB7AC /* Resources */ = {
			isa = PBXResourcesBuildPhase;
			buildActionMask = 2147483647;
			files = (
			);
			runOnlyForDeploymentPostprocessing = 0;
		};
		0B7E7CE82717D006004DB7AC /* Resources */ = {
			isa = PBXResourcesBuildPhase;
			buildActionMask = 2147483647;
			files = (
			);
			runOnlyForDeploymentPostprocessing = 0;
		};
/* End PBXResourcesBuildPhase section */

/* Begin PBXSourcesBuildPhase section */
		0B7E7CCA2717D006004DB7AC /* Sources */ = {
			isa = PBXSourcesBuildPhase;
			buildActionMask = 2147483647;
			files = (
				BF9C2810273589AE00E3231C /* ChatRow.swift in Sources */,
				0BFD7214272A54920038F669 /* CampusLocationPicker2.swift in Sources */,
				0B0565B427477CF100EF0807 /* ChatView.swift in Sources */,
				E2C467982756B32100350B65 /* ImagePicker.swift in Sources */,
				BF9C280B2735892F00E3231C /* ChatsViewModel.swift in Sources */,
				0B5C490C274315AA00FEF328 /* DateHelpers.swift in Sources */,
				BF2792CA27587D3D00257F8C /* NotificationViewModel.swift in Sources */,
				BF9C2809273588F900E3231C /* Chat.swift in Sources */,
				0B0565C02755BF3B00EF0807 /* ViewModel.swift in Sources */,
				0BF72DF9272B08040013DCC2 /* SellListings.swift in Sources */,
				0BF72E11273098650013DCC2 /* SavedPostView.swift in Sources */,
				0BFD7212272A3FCF0038F669 /* PostItem.swift in Sources */,
				BF23DB342728C2FD00410436 /* SignUpViewModel.swift in Sources */,
				BF2792C12749AF0500257F8C /* SavedPostViewModel.swift in Sources */,
				0BF72DF7272B07E80013DCC2 /* BuyListings.swift in Sources */,
				BF2792C5274C8AAA00257F8C /* MyPostViewModel.swift in Sources */,
				BF9C2806273583B000E3231C /* SellFilterView.swift in Sources */,
				E2E6664B2745A6D10030E5C5 /* PersonalView.swift in Sources */,
				BF9C27FE27346C9000E3231C /* SearchSellListings.swift in Sources */,
				0B45523C2725B606009BA1E0 /* Notification_Sequence.swift in Sources */,
				BF23DB362728DC6E00410436 /* CampusLocationPicker.swift in Sources */,
				0B7E7CD42717D006004DB7AC /* ContentView.swift in Sources */,
				0B0565BD274D4FE900EF0807 /* SaveChat.swift in Sources */,
				0BB0C4802727494300060C8E /* Login.swift in Sources */,
				0B4552382725B5B9009BA1E0 /* Notification.swift in Sources */,
				0BFD720E27291EF60038F669 /* UniYardHomepage.swift in Sources */,
				BF9C28042735838000E3231C /* BuyFilterView.swift in Sources */,
				E28BB7B4274AF76000F06E49 /* CurUserViewModel.swift in Sources */,
				0BF72E132730988A0013DCC2 /* NotificationView.swift in Sources */,
				0B7E7CD22717D006004DB7AC /* UniyardApp.swift in Sources */,
				0BB0C4852727B96900060C8E /* LoginViewModel.swift in Sources */,
				BF9C28022735836300E3231C /* SortView.swift in Sources */,
				E2E6664F2745AC1C0030E5C5 /* SettingsView.swift in Sources */,
				0B45522A2725B491009BA1E0 /* User.swift in Sources */,
				0B0565BA274C458D00EF0807 /* MessageUser.swift in Sources */,
				0B4552362725B5A1009BA1E0 /* Message.swift in Sources */,
				0BF72E0D273098150013DCC2 /* BottomBarNav.swift in Sources */,
				0BFD721027291F2F0038F669 /* ItemsHome.swift in Sources */,
				0B6C613A27284FEA00D36FAC /* EntryField.swift in Sources */,
				BF23DB3227289FF400410436 /* SignUpView.swift in Sources */,
				0BF72E0B273097C30013DCC2 /* ItemDetailsSell.swift in Sources */,
				BF2792C3274C882200257F8C /* MyPostView.swift in Sources */,
				0BF72E15273098A20013DCC2 /* ProfileView.swift in Sources */,
				0BF72DF1272AF5DE0013DCC2 /* ItemsViewModel.swift in Sources */,
				0B0565C22755BF8B00EF0807 /* ItemDetailsBuy.swift in Sources */,
				0B4552322725B554009BA1E0 /* Item.swift in Sources */,
				BF9C27FC27346C2E00E3231C /* SearchBuyListings.swift in Sources */,
				0BF72E192730AB830013DCC2 /* CreateSellView.swift in Sources */,
				0BB0C48227275F0D00060C8E /* ForgotPassword.swift in Sources */,
				E250B35D2759866A00365D8F /* MultiImagePicker.swift in Sources */,
				0BF72DF3272B06630013DCC2 /* CreateBuyView.swift in Sources */,
				0BF72E09273097730013DCC2 /* ItemDetailViewModel.swift in Sources */,
				BF9C280E2735897C00E3231C /* ChatList.swift in Sources */,
				0B45522E2725B503009BA1E0 /* Post.swift in Sources */,
			);
			runOnlyForDeploymentPostprocessing = 0;
		};
		0B7E7CDB2717D006004DB7AC /* Sources */ = {
			isa = PBXSourcesBuildPhase;
			buildActionMask = 2147483647;
			files = (
				0B7E7CE42717D006004DB7AC /* UniyardTests.swift in Sources */,
				BF9C280027357BA800E3231C /* SignUpMock.swift in Sources */,
			);
			runOnlyForDeploymentPostprocessing = 0;
		};
		0B7E7CE62717D006004DB7AC /* Sources */ = {
			isa = PBXSourcesBuildPhase;
			buildActionMask = 2147483647;
			files = (
				0B7E7CEF2717D006004DB7AC /* UniyardUITests.swift in Sources */,
			);
			runOnlyForDeploymentPostprocessing = 0;
		};
/* End PBXSourcesBuildPhase section */

/* Begin PBXTargetDependency section */
		0B7E7CE12717D006004DB7AC /* PBXTargetDependency */ = {
			isa = PBXTargetDependency;
			target = 0B7E7CCD2717D006004DB7AC /* Uniyard */;
			targetProxy = 0B7E7CE02717D006004DB7AC /* PBXContainerItemProxy */;
		};
		0B7E7CEC2717D006004DB7AC /* PBXTargetDependency */ = {
			isa = PBXTargetDependency;
			target = 0B7E7CCD2717D006004DB7AC /* Uniyard */;
			targetProxy = 0B7E7CEB2717D006004DB7AC /* PBXContainerItemProxy */;
		};
/* End PBXTargetDependency section */

/* Begin XCBuildConfiguration section */
		0B7E7CF12717D006004DB7AC /* Debug */ = {
			isa = XCBuildConfiguration;
			buildSettings = {
				ALWAYS_SEARCH_USER_PATHS = NO;
				CLANG_ANALYZER_NONNULL = YES;
				CLANG_ANALYZER_NUMBER_OBJECT_CONVERSION = YES_AGGRESSIVE;
				CLANG_CXX_LANGUAGE_STANDARD = "gnu++14";
				CLANG_CXX_LIBRARY = "libc++";
				CLANG_ENABLE_MODULES = YES;
				CLANG_ENABLE_OBJC_ARC = YES;
				CLANG_ENABLE_OBJC_WEAK = YES;
				CLANG_WARN_BLOCK_CAPTURE_AUTORELEASING = YES;
				CLANG_WARN_BOOL_CONVERSION = YES;
				CLANG_WARN_COMMA = YES;
				CLANG_WARN_CONSTANT_CONVERSION = YES;
				CLANG_WARN_DEPRECATED_OBJC_IMPLEMENTATIONS = YES;
				CLANG_WARN_DIRECT_OBJC_ISA_USAGE = YES_ERROR;
				CLANG_WARN_DOCUMENTATION_COMMENTS = YES;
				CLANG_WARN_EMPTY_BODY = YES;
				CLANG_WARN_ENUM_CONVERSION = YES;
				CLANG_WARN_INFINITE_RECURSION = YES;
				CLANG_WARN_INT_CONVERSION = YES;
				CLANG_WARN_NON_LITERAL_NULL_CONVERSION = YES;
				CLANG_WARN_OBJC_IMPLICIT_RETAIN_SELF = YES;
				CLANG_WARN_OBJC_LITERAL_CONVERSION = YES;
				CLANG_WARN_OBJC_ROOT_CLASS = YES_ERROR;
				CLANG_WARN_QUOTED_INCLUDE_IN_FRAMEWORK_HEADER = YES;
				CLANG_WARN_RANGE_LOOP_ANALYSIS = YES;
				CLANG_WARN_STRICT_PROTOTYPES = YES;
				CLANG_WARN_SUSPICIOUS_MOVE = YES;
				CLANG_WARN_UNGUARDED_AVAILABILITY = YES_AGGRESSIVE;
				CLANG_WARN_UNREACHABLE_CODE = YES;
				CLANG_WARN__DUPLICATE_METHOD_MATCH = YES;
				COPY_PHASE_STRIP = NO;
				DEBUG_INFORMATION_FORMAT = "dwarf-with-dsym";
				ENABLE_STRICT_OBJC_MSGSEND = YES;
				ENABLE_TESTABILITY = YES;
				GCC_C_LANGUAGE_STANDARD = gnu11;
				GCC_DYNAMIC_NO_PIC = NO;
				GCC_NO_COMMON_BLOCKS = YES;
				GCC_OPTIMIZATION_LEVEL = 0;
				GCC_PREPROCESSOR_DEFINITIONS = (
					"DEBUG=1",
					"$(inherited)",
				);
				GCC_WARN_64_TO_32_BIT_CONVERSION = YES;
				GCC_WARN_ABOUT_RETURN_TYPE = YES_ERROR;
				GCC_WARN_UNDECLARED_SELECTOR = YES;
				GCC_WARN_UNINITIALIZED_AUTOS = YES_AGGRESSIVE;
				GCC_WARN_UNUSED_FUNCTION = YES;
				GCC_WARN_UNUSED_VARIABLE = YES;
				IPHONEOS_DEPLOYMENT_TARGET = 14.5;
				MTL_ENABLE_DEBUG_INFO = INCLUDE_SOURCE;
				MTL_FAST_MATH = YES;
				ONLY_ACTIVE_ARCH = YES;
				OTHER_LDFLAGS = "-ObjC";
				SDKROOT = iphoneos;
				SWIFT_ACTIVE_COMPILATION_CONDITIONS = DEBUG;
				SWIFT_OPTIMIZATION_LEVEL = "-Onone";
			};
			name = Debug;
		};
		0B7E7CF22717D006004DB7AC /* Release */ = {
			isa = XCBuildConfiguration;
			buildSettings = {
				ALWAYS_SEARCH_USER_PATHS = NO;
				CLANG_ANALYZER_NONNULL = YES;
				CLANG_ANALYZER_NUMBER_OBJECT_CONVERSION = YES_AGGRESSIVE;
				CLANG_CXX_LANGUAGE_STANDARD = "gnu++14";
				CLANG_CXX_LIBRARY = "libc++";
				CLANG_ENABLE_MODULES = YES;
				CLANG_ENABLE_OBJC_ARC = YES;
				CLANG_ENABLE_OBJC_WEAK = YES;
				CLANG_WARN_BLOCK_CAPTURE_AUTORELEASING = YES;
				CLANG_WARN_BOOL_CONVERSION = YES;
				CLANG_WARN_COMMA = YES;
				CLANG_WARN_CONSTANT_CONVERSION = YES;
				CLANG_WARN_DEPRECATED_OBJC_IMPLEMENTATIONS = YES;
				CLANG_WARN_DIRECT_OBJC_ISA_USAGE = YES_ERROR;
				CLANG_WARN_DOCUMENTATION_COMMENTS = YES;
				CLANG_WARN_EMPTY_BODY = YES;
				CLANG_WARN_ENUM_CONVERSION = YES;
				CLANG_WARN_INFINITE_RECURSION = YES;
				CLANG_WARN_INT_CONVERSION = YES;
				CLANG_WARN_NON_LITERAL_NULL_CONVERSION = YES;
				CLANG_WARN_OBJC_IMPLICIT_RETAIN_SELF = YES;
				CLANG_WARN_OBJC_LITERAL_CONVERSION = YES;
				CLANG_WARN_OBJC_ROOT_CLASS = YES_ERROR;
				CLANG_WARN_QUOTED_INCLUDE_IN_FRAMEWORK_HEADER = YES;
				CLANG_WARN_RANGE_LOOP_ANALYSIS = YES;
				CLANG_WARN_STRICT_PROTOTYPES = YES;
				CLANG_WARN_SUSPICIOUS_MOVE = YES;
				CLANG_WARN_UNGUARDED_AVAILABILITY = YES_AGGRESSIVE;
				CLANG_WARN_UNREACHABLE_CODE = YES;
				CLANG_WARN__DUPLICATE_METHOD_MATCH = YES;
				COPY_PHASE_STRIP = NO;
				DEBUG_INFORMATION_FORMAT = "dwarf-with-dsym";
				ENABLE_NS_ASSERTIONS = NO;
				ENABLE_STRICT_OBJC_MSGSEND = YES;
				GCC_C_LANGUAGE_STANDARD = gnu11;
				GCC_NO_COMMON_BLOCKS = YES;
				GCC_WARN_64_TO_32_BIT_CONVERSION = YES;
				GCC_WARN_ABOUT_RETURN_TYPE = YES_ERROR;
				GCC_WARN_UNDECLARED_SELECTOR = YES;
				GCC_WARN_UNINITIALIZED_AUTOS = YES_AGGRESSIVE;
				GCC_WARN_UNUSED_FUNCTION = YES;
				GCC_WARN_UNUSED_VARIABLE = YES;
				IPHONEOS_DEPLOYMENT_TARGET = 14.5;
				MTL_ENABLE_DEBUG_INFO = NO;
				MTL_FAST_MATH = YES;
				OTHER_LDFLAGS = "-ObjC";
				SDKROOT = iphoneos;
				SWIFT_COMPILATION_MODE = wholemodule;
				SWIFT_OPTIMIZATION_LEVEL = "-O";
				VALIDATE_PRODUCT = YES;
			};
			name = Release;
		};
		0B7E7CF42717D006004DB7AC /* Debug */ = {
			isa = XCBuildConfiguration;
			buildSettings = {
				ASSETCATALOG_COMPILER_APPICON_NAME = AppIcon;
				ASSETCATALOG_COMPILER_GLOBAL_ACCENT_COLOR_NAME = AccentColor;
				CODE_SIGN_STYLE = Automatic;
				DEVELOPMENT_ASSET_PATHS = "\"Uniyard/Preview Content\"";
				DEVELOPMENT_TEAM = BB542DL9HC;
				ENABLE_PREVIEWS = YES;
				INFOPLIST_FILE = Uniyard/Info.plist;
				IPHONEOS_DEPLOYMENT_TARGET = 14.0;
				LD_RUNPATH_SEARCH_PATHS = (
					"$(inherited)",
					"@executable_path/Frameworks",
				);
				PRODUCT_BUNDLE_IDENTIFIER = Project.TestProjectAPIFireBase;
				PRODUCT_NAME = "$(TARGET_NAME)";
				SWIFT_VERSION = 5.0;
				TARGETED_DEVICE_FAMILY = "1,2";
			};
			name = Debug;
		};
		0B7E7CF52717D006004DB7AC /* Release */ = {
			isa = XCBuildConfiguration;
			buildSettings = {
				ASSETCATALOG_COMPILER_APPICON_NAME = AppIcon;
				ASSETCATALOG_COMPILER_GLOBAL_ACCENT_COLOR_NAME = AccentColor;
				CODE_SIGN_STYLE = Automatic;
				DEVELOPMENT_ASSET_PATHS = "\"Uniyard/Preview Content\"";
				DEVELOPMENT_TEAM = BB542DL9HC;
				ENABLE_PREVIEWS = YES;
				INFOPLIST_FILE = Uniyard/Info.plist;
				IPHONEOS_DEPLOYMENT_TARGET = 14.0;
				LD_RUNPATH_SEARCH_PATHS = (
					"$(inherited)",
					"@executable_path/Frameworks",
				);
				PRODUCT_BUNDLE_IDENTIFIER = Project.TestProjectAPIFireBase;
				PRODUCT_NAME = "$(TARGET_NAME)";
				SWIFT_VERSION = 5.0;
				TARGETED_DEVICE_FAMILY = "1,2";
			};
			name = Release;
		};
		0B7E7CF72717D006004DB7AC /* Debug */ = {
			isa = XCBuildConfiguration;
			buildSettings = {
				ALWAYS_EMBED_SWIFT_STANDARD_LIBRARIES = YES;
				BUNDLE_LOADER = "$(TEST_HOST)";
				CODE_SIGN_STYLE = Automatic;
				INFOPLIST_FILE = UniyardTests/Info.plist;
				IPHONEOS_DEPLOYMENT_TARGET = 14.0;
				LD_RUNPATH_SEARCH_PATHS = (
					"$(inherited)",
					"@executable_path/Frameworks",
					"@loader_path/Frameworks",
				);
				PRODUCT_BUNDLE_IDENTIFIER = Lab.UniyardTests;
				PRODUCT_NAME = "$(TARGET_NAME)";
				SWIFT_VERSION = 5.0;
				TARGETED_DEVICE_FAMILY = "1,2";
				TEST_HOST = "$(BUILT_PRODUCTS_DIR)/Uniyard.app/Uniyard";
			};
			name = Debug;
		};
		0B7E7CF82717D006004DB7AC /* Release */ = {
			isa = XCBuildConfiguration;
			buildSettings = {
				ALWAYS_EMBED_SWIFT_STANDARD_LIBRARIES = YES;
				BUNDLE_LOADER = "$(TEST_HOST)";
				CODE_SIGN_STYLE = Automatic;
				INFOPLIST_FILE = UniyardTests/Info.plist;
				IPHONEOS_DEPLOYMENT_TARGET = 14.0;
				LD_RUNPATH_SEARCH_PATHS = (
					"$(inherited)",
					"@executable_path/Frameworks",
					"@loader_path/Frameworks",
				);
				PRODUCT_BUNDLE_IDENTIFIER = Lab.UniyardTests;
				PRODUCT_NAME = "$(TARGET_NAME)";
				SWIFT_VERSION = 5.0;
				TARGETED_DEVICE_FAMILY = "1,2";
				TEST_HOST = "$(BUILT_PRODUCTS_DIR)/Uniyard.app/Uniyard";
			};
			name = Release;
		};
		0B7E7CFA2717D006004DB7AC /* Debug */ = {
			isa = XCBuildConfiguration;
			buildSettings = {
				ALWAYS_EMBED_SWIFT_STANDARD_LIBRARIES = YES;
				CODE_SIGN_STYLE = Automatic;
				INFOPLIST_FILE = UniyardUITests/Info.plist;
				LD_RUNPATH_SEARCH_PATHS = (
					"$(inherited)",
					"@executable_path/Frameworks",
					"@loader_path/Frameworks",
				);
				PRODUCT_BUNDLE_IDENTIFIER = Lab.UniyardUITests;
				PRODUCT_NAME = "$(TARGET_NAME)";
				SWIFT_VERSION = 5.0;
				TARGETED_DEVICE_FAMILY = "1,2";
				TEST_TARGET_NAME = Uniyard;
			};
			name = Debug;
		};
		0B7E7CFB2717D006004DB7AC /* Release */ = {
			isa = XCBuildConfiguration;
			buildSettings = {
				ALWAYS_EMBED_SWIFT_STANDARD_LIBRARIES = YES;
				CODE_SIGN_STYLE = Automatic;
				INFOPLIST_FILE = UniyardUITests/Info.plist;
				LD_RUNPATH_SEARCH_PATHS = (
					"$(inherited)",
					"@executable_path/Frameworks",
					"@loader_path/Frameworks",
				);
				PRODUCT_BUNDLE_IDENTIFIER = Lab.UniyardUITests;
				PRODUCT_NAME = "$(TARGET_NAME)";
				SWIFT_VERSION = 5.0;
				TARGETED_DEVICE_FAMILY = "1,2";
				TEST_TARGET_NAME = Uniyard;
			};
			name = Release;
		};
/* End XCBuildConfiguration section */

/* Begin XCConfigurationList section */
		0B7E7CC92717D006004DB7AC /* Build configuration list for PBXProject "Uniyard" */ = {
			isa = XCConfigurationList;
			buildConfigurations = (
				0B7E7CF12717D006004DB7AC /* Debug */,
				0B7E7CF22717D006004DB7AC /* Release */,
			);
			defaultConfigurationIsVisible = 0;
			defaultConfigurationName = Release;
		};
		0B7E7CF32717D006004DB7AC /* Build configuration list for PBXNativeTarget "Uniyard" */ = {
			isa = XCConfigurationList;
			buildConfigurations = (
				0B7E7CF42717D006004DB7AC /* Debug */,
				0B7E7CF52717D006004DB7AC /* Release */,
			);
			defaultConfigurationIsVisible = 0;
			defaultConfigurationName = Release;
		};
		0B7E7CF62717D006004DB7AC /* Build configuration list for PBXNativeTarget "UniyardTests" */ = {
			isa = XCConfigurationList;
			buildConfigurations = (
				0B7E7CF72717D006004DB7AC /* Debug */,
				0B7E7CF82717D006004DB7AC /* Release */,
			);
			defaultConfigurationIsVisible = 0;
			defaultConfigurationName = Release;
		};
		0B7E7CF92717D006004DB7AC /* Build configuration list for PBXNativeTarget "UniyardUITests" */ = {
			isa = XCConfigurationList;
			buildConfigurations = (
				0B7E7CFA2717D006004DB7AC /* Debug */,
				0B7E7CFB2717D006004DB7AC /* Release */,
			);
			defaultConfigurationIsVisible = 0;
			defaultConfigurationName = Release;
		};
/* End XCConfigurationList section */

/* Begin XCRemoteSwiftPackageReference section */
		E250B357275965BC00365D8F /* XCRemoteSwiftPackageReference "SDWebImageSwiftUI" */ = {
			isa = XCRemoteSwiftPackageReference;
			repositoryURL = "https://github.com/SDWebImage/SDWebImageSwiftUI.git";
			requirement = {
				kind = upToNextMajorVersion;
				minimumVersion = 2.0.2;
			};
		};
		E2C4679D2756E1DD00350B65 /* XCRemoteSwiftPackageReference "firebase-ios-sdk" */ = {
			isa = XCRemoteSwiftPackageReference;
			repositoryURL = "https://github.com/firebase/firebase-ios-sdk.git";
			requirement = {
				kind = upToNextMajorVersion;
				minimumVersion = 8.9.1;
			};
		};
/* End XCRemoteSwiftPackageReference section */

/* Begin XCSwiftPackageProductDependency section */
		BF2792C727586ED300257F8C /* FirebaseMessaging */ = {
			isa = XCSwiftPackageProductDependency;
			productName = FirebaseMessaging;
		};
		E250B358275965BC00365D8F /* SDWebImageSwiftUI */ = {
			isa = XCSwiftPackageProductDependency;
			package = E250B357275965BC00365D8F /* XCRemoteSwiftPackageReference "SDWebImageSwiftUI" */;
			productName = SDWebImageSwiftUI;
		};
		E2C4679E2756E1DD00350B65 /* FirebaseAuthCombine-Community */ = {
			isa = XCSwiftPackageProductDependency;
			package = E2C4679D2756E1DD00350B65 /* XCRemoteSwiftPackageReference "firebase-ios-sdk" */;
			productName = "FirebaseAuthCombine-Community";
		};
		E2C467A02756E1DD00350B65 /* FirebaseStorageCombine-Community */ = {
			isa = XCSwiftPackageProductDependency;
			package = E2C4679D2756E1DD00350B65 /* XCRemoteSwiftPackageReference "firebase-ios-sdk" */;
			productName = "FirebaseStorageCombine-Community";
		};
		E2C467A22756E1DD00350B65 /* FirebaseMessaging */ = {
			isa = XCSwiftPackageProductDependency;
			package = E2C4679D2756E1DD00350B65 /* XCRemoteSwiftPackageReference "firebase-ios-sdk" */;
			productName = FirebaseMessaging;
		};
		E2C467A42756E1DD00350B65 /* FirebaseInAppMessagingSwift-Beta */ = {
			isa = XCSwiftPackageProductDependency;
			package = E2C4679D2756E1DD00350B65 /* XCRemoteSwiftPackageReference "firebase-ios-sdk" */;
			productName = "FirebaseInAppMessagingSwift-Beta";
		};
		E2C467A62756E1DD00350B65 /* FirebaseStorageSwift-Beta */ = {
			isa = XCSwiftPackageProductDependency;
			package = E2C4679D2756E1DD00350B65 /* XCRemoteSwiftPackageReference "firebase-ios-sdk" */;
			productName = "FirebaseStorageSwift-Beta";
		};
		E2C467A82756E1DD00350B65 /* FirebaseFirestoreSwift-Beta */ = {
			isa = XCSwiftPackageProductDependency;
			package = E2C4679D2756E1DD00350B65 /* XCRemoteSwiftPackageReference "firebase-ios-sdk" */;
			productName = "FirebaseFirestoreSwift-Beta";
		};
		E2C467AA2756E1DD00350B65 /* FirebaseStorage */ = {
			isa = XCSwiftPackageProductDependency;
			package = E2C4679D2756E1DD00350B65 /* XCRemoteSwiftPackageReference "firebase-ios-sdk" */;
			productName = FirebaseStorage;
		};
		E2C467AC2756E1DD00350B65 /* FirebaseAuth */ = {
			isa = XCSwiftPackageProductDependency;
			package = E2C4679D2756E1DD00350B65 /* XCRemoteSwiftPackageReference "firebase-ios-sdk" */;
			productName = FirebaseAuth;
		};
		E2C467AE2756E1DD00350B65 /* FirebaseAnalytics */ = {
			isa = XCSwiftPackageProductDependency;
			package = E2C4679D2756E1DD00350B65 /* XCRemoteSwiftPackageReference "firebase-ios-sdk" */;
			productName = FirebaseAnalytics;
		};
		E2C467B02756E1DD00350B65 /* FirebaseFirestoreCombine-Community */ = {
			isa = XCSwiftPackageProductDependency;
			package = E2C4679D2756E1DD00350B65 /* XCRemoteSwiftPackageReference "firebase-ios-sdk" */;
			productName = "FirebaseFirestoreCombine-Community";
		};
		E2C467B22756E1DD00350B65 /* FirebaseFirestore */ = {
			isa = XCSwiftPackageProductDependency;
			package = E2C4679D2756E1DD00350B65 /* XCRemoteSwiftPackageReference "firebase-ios-sdk" */;
			productName = FirebaseFirestore;
		};
		E2C467B42756E1DD00350B65 /* FirebaseDatabase */ = {
			isa = XCSwiftPackageProductDependency;
			package = E2C4679D2756E1DD00350B65 /* XCRemoteSwiftPackageReference "firebase-ios-sdk" */;
			productName = FirebaseDatabase;
		};
		E2C467B62756E1DD00350B65 /* FirebaseInAppMessaging-Beta */ = {
			isa = XCSwiftPackageProductDependency;
			package = E2C4679D2756E1DD00350B65 /* XCRemoteSwiftPackageReference "firebase-ios-sdk" */;
			productName = "FirebaseInAppMessaging-Beta";
		};
		E2C467B82756E1DD00350B65 /* FirebaseDatabaseSwift-Beta */ = {
			isa = XCSwiftPackageProductDependency;
			package = E2C4679D2756E1DD00350B65 /* XCRemoteSwiftPackageReference "firebase-ios-sdk" */;
			productName = "FirebaseDatabaseSwift-Beta";
		};
		E2C467BA2756E1DD00350B65 /* FirebaseCrashlytics */ = {
			isa = XCSwiftPackageProductDependency;
			package = E2C4679D2756E1DD00350B65 /* XCRemoteSwiftPackageReference "firebase-ios-sdk" */;
			productName = FirebaseCrashlytics;
		};
/* End XCSwiftPackageProductDependency section */
	};
	rootObject = 0B7E7CC62717D006004DB7AC /* Project object */;
}
